
Microsoft Visual Studio Solution File, Format Version 12.00
# Visual Studio 15
VisualStudioVersion = 15.0.28307.852
MinimumVisualStudioVersion = 10.0.40219.1
Project("{FAE04EC0-301F-11D3-BF4B-00C04F79EFBC}") = "JPNET_02", "JPNET_02\JPNET_02.csproj", "{7BB408A5-8C4E-4FB8-8B42-D585B5E1551A}"
EndProject
Global
	GlobalSection(SolutionConfigurationPlatforms) = preSolution
		Debug|Any CPU = Debug|Any CPU
		Release|Any CPU = Release|Any CPU
	EndGlobalSection
	GlobalSection(ProjectConfigurationPlatforms) = postSolution
		{7BB408A5-8C4E-4FB8-8B42-D585B5E1551A}.Debug|Any CPU.ActiveCfg = Debug|Any CPU
		{7BB408A5-8C4E-4FB8-8B42-D585B5E1551A}.Debug|Any CPU.Build.0 = Debug|Any CPU
		{7BB408A5-8C4E-4FB8-8B42-D585B5E1551A}.Release|Any CPU.ActiveCfg = Release|Any CPU
		{7BB408A5-8C4E-4FB8-8B42-D585B5E1551A}.Release|Any CPU.Build.0 = Release|Any CPU
	EndGlobalSection
	GlobalSection(SolutionProperties) = preSolution
		HideSolutionNode = FALSE
	EndGlobalSection
	GlobalSection(ExtensibilityGlobals) = postSolution
		SolutionGuid = {D37B7854-C3CD-4601-AAAD-03F182C36E59}
	EndGlobalSection
EndGlobal
